
Microsoft Visual Studio Solution File, Format Version 11.00
# Visual Web Developer Express 2010
Project("{FAE04EC0-301F-11D3-BF4B-00C04F79EFBC}") = "RAU_SACH_THANH_TRUC", "RAU_SACH_THANH_TRUC.csproj", "{5620E8E3-F0B1-4E00-998A-43B30BD99C26}"
EndProject
Global
	GlobalSection(SolutionConfigurationPlatforms) = preSolution
		Debug|Any CPU = Debug|Any CPU
		Release|Any CPU = Release|Any CPU
	EndGlobalSection
	GlobalSection(ProjectConfigurationPlatforms) = postSolution
		{5620E8E3-F0B1-4E00-998A-43B30BD99C26}.Debug|Any CPU.ActiveCfg = Debug|Any CPU
		{5620E8E3-F0B1-4E00-998A-43B30BD99C26}.Debug|Any CPU.Build.0 = Debug|Any CPU
		{5620E8E3-F0B1-4E00-998A-43B30BD99C26}.Release|Any CPU.ActiveCfg = Release|Any CPU
		{5620E8E3-F0B1-4E00-998A-43B30BD99C26}.Release|Any CPU.Build.0 = Release|Any CPU
	EndGlobalSection
	GlobalSection(SolutionProperties) = preSolution
		HideSolutionNode = FALSE
	EndGlobalSection
EndGlobal
